
Microsoft Visual Studio Solution File, Format Version 12.00
# Visual Studio 15
Project("{FAE04EC0-301F-11D3-BF4B-00C04F79EFBC}") = "DepiBelle.Android", "DepiBelle.Android\DepiBelle.Android.csproj", "{126222EF-BBE4-4ECC-9B6E-9B40E710DDEF}"
EndProject
Project("{FAE04EC0-301F-11D3-BF4B-00C04F79EFBC}") = "DepiBelle", "DepiBelle\DepiBelle.csproj", "{1CB38A9A-071E-4314-AAA3-5B352619E740}"
EndProject
Project("{2150E333-8FDC-42A3-9474-1A3956D46DE8}") = "Docs", "Docs", "{2D5444D5-F7CA-492D-A3D9-88B4D0FFDD63}"
	ProjectSection(SolutionItems) = preProject
		depibelle-precios.json = depibelle-precios.json
	EndProjectSection
EndProject
Global
	GlobalSection(SolutionConfigurationPlatforms) = preSolution
		Debug|Any CPU = Debug|Any CPU
		Release|Any CPU = Release|Any CPU
	EndGlobalSection
	GlobalSection(ProjectConfigurationPlatforms) = postSolution
		{126222EF-BBE4-4ECC-9B6E-9B40E710DDEF}.Debug|Any CPU.ActiveCfg = Debug|Any CPU
		{126222EF-BBE4-4ECC-9B6E-9B40E710DDEF}.Debug|Any CPU.Build.0 = Debug|Any CPU
		{126222EF-BBE4-4ECC-9B6E-9B40E710DDEF}.Release|Any CPU.ActiveCfg = Release|Any CPU
		{126222EF-BBE4-4ECC-9B6E-9B40E710DDEF}.Release|Any CPU.Build.0 = Release|Any CPU
		{1CB38A9A-071E-4314-AAA3-5B352619E740}.Debug|Any CPU.ActiveCfg = Debug|Any CPU
		{1CB38A9A-071E-4314-AAA3-5B352619E740}.Debug|Any CPU.Build.0 = Debug|Any CPU
		{1CB38A9A-071E-4314-AAA3-5B352619E740}.Release|Any CPU.ActiveCfg = Release|Any CPU
		{1CB38A9A-071E-4314-AAA3-5B352619E740}.Release|Any CPU.Build.0 = Release|Any CPU
	EndGlobalSection
EndGlobal
